// !$*UTF8*$!
{
	archiveVersion = 1;
	classes = {
	};
	objectVersion = 48;
	objects = {

/* Begin PBXBuildFile section */
		128548E120158D9400FD0CA4 /* AppDelegate.m in Sources */ = {isa = PBXBuildFile; fileRef = 128548E020158D9400FD0CA4 /* AppDelegate.m */; };
		128548E420158D9400FD0CA4 /* ViewController.m in Sources */ = {isa = PBXBuildFile; fileRef = 128548E320158D9400FD0CA4 /* ViewController.m */; };
		128548E720158D9400FD0CA4 /* Main.storyboard in Resources */ = {isa = PBXBuildFile; fileRef = 128548E520158D9400FD0CA4 /* Main.storyboard */; };
		128548EA20158D9400FD0CA4 /* TestAESEncrypt.xcdatamodeld in Sources */ = {isa = PBXBuildFile; fileRef = 128548E820158D9400FD0CA4 /* TestAESEncrypt.xcdatamodeld */; };
		128548EC20158D9400FD0CA4 /* Assets.xcassets in Resources */ = {isa = PBXBuildFile; fileRef = 128548EB20158D9400FD0CA4 /* Assets.xcassets */; };
		128548EF20158D9400FD0CA4 /* LaunchScreen.storyboard in Resources */ = {isa = PBXBuildFile; fileRef = 128548ED20158D9400FD0CA4 /* LaunchScreen.storyboard */; };
		128548F220158D9400FD0CA4 /* main.m in Sources */ = {isa = PBXBuildFile; fileRef = 128548F120158D9400FD0CA4 /* main.m */; };
		128548FC20158D9400FD0CA4 /* TestAESEncryptTests.m in Sources */ = {isa = PBXBuildFile; fileRef = 128548FB20158D9400FD0CA4 /* TestAESEncryptTests.m */; };
		1285490720158D9400FD0CA4 /* TestAESEncryptUITests.m in Sources */ = {isa = PBXBuildFile; fileRef = 1285490620158D9400FD0CA4 /* TestAESEncryptUITests.m */; };
		1285491E20158F3600FD0CA4 /* liblibHTAESencrypt.a in Frameworks */ = {isa = PBXBuildFile; fileRef = 1285491A20158EA500FD0CA4 /* liblibHTAESencrypt.a */; };
		12854925201598DD00FD0CA4 /* CoreFoundation.framework in Frameworks */ = {isa = PBXBuildFile; fileRef = 12854924201598DC00FD0CA4 /* CoreFoundation.framework */; };
		12854927201598EA00FD0CA4 /* Foundation.framework in Frameworks */ = {isa = PBXBuildFile; fileRef = 12854926201598EA00FD0CA4 /* Foundation.framework */; };
/* End PBXBuildFile section */

/* Begin PBXContainerItemProxy section */
		128548F820158D9400FD0CA4 /* PBXContainerItemProxy */ = {
			isa = PBXContainerItemProxy;
			containerPortal = 128548D420158D9300FD0CA4 /* Project object */;
			proxyType = 1;
			remoteGlobalIDString = 128548DB20158D9400FD0CA4;
			remoteInfo = TestAESEncrypt;
		};
		1285490320158D9400FD0CA4 /* PBXContainerItemProxy */ = {
			isa = PBXContainerItemProxy;
			containerPortal = 128548D420158D9300FD0CA4 /* Project object */;
			proxyType = 1;
			remoteGlobalIDString = 128548DB20158D9400FD0CA4;
			remoteInfo = TestAESEncrypt;
		};
		1285491920158EA500FD0CA4 /* PBXContainerItemProxy */ = {
			isa = PBXContainerItemProxy;
			containerPortal = 1285491420158EA500FD0CA4 /* libHTAESencrypt.xcodeproj */;
			proxyType = 2;
			remoteGlobalIDString = 1D7732FC2013A564005377C5;
			remoteInfo = libHTAESencrypt;
		};
		1285491B20158F0B00FD0CA4 /* PBXContainerItemProxy */ = {
			isa = PBXContainerItemProxy;
			containerPortal = 1285491420158EA500FD0CA4 /* libHTAESencrypt.xcodeproj */;
			proxyType = 1;
			remoteGlobalIDString = 1D7732FB2013A564005377C5;
			remoteInfo = libHTAESencrypt;
		};
/* End PBXContainerItemProxy section */

/* Begin PBXFileReference section */
		128548DC20158D9400FD0CA4 /* TestAESEncrypt.app */ = {isa = PBXFileReference; explicitFileType = wrapper.application; includeInIndex = 0; path = TestAESEncrypt.app; sourceTree = BUILT_PRODUCTS_DIR; };
		128548DF20158D9400FD0CA4 /* AppDelegate.h */ = {isa = PBXFileReference; lastKnownFileType = sourcecode.c.h; path = AppDelegate.h; sourceTree = "<group>"; };
		128548E020158D9400FD0CA4 /* AppDelegate.m */ = {isa = PBXFileReference; lastKnownFileType = sourcecode.c.objc; path = AppDelegate.m; sourceTree = "<group>"; };
		128548E220158D9400FD0CA4 /* ViewController.h */ = {isa = PBXFileReference; lastKnownFileType = sourcecode.c.h; path = ViewController.h; sourceTree = "<group>"; };
		128548E320158D9400FD0CA4 /* ViewController.m */ = {isa = PBXFileReference; lastKnownFileType = sourcecode.c.objc; path = ViewController.m; sourceTree = "<group>"; };
		128548E620158D9400FD0CA4 /* Base */ = {isa = PBXFileReference; lastKnownFileType = file.storyboard; name = Base; path = Base.lproj/Main.storyboard; sourceTree = "<group>"; };
		128548E920158D9400FD0CA4 /* TestAESEncrypt.xcdatamodel */ = {isa = PBXFileReference; lastKnownFileType = wrapper.xcdatamodel; path = TestAESEncrypt.xcdatamodel; sourceTree = "<group>"; };
		128548EB20158D9400FD0CA4 /* Assets.xcassets */ = {isa = PBXFileReference; lastKnownFileType = folder.assetcatalog; path = Assets.xcassets; sourceTree = "<group>"; };
		128548EE20158D9400FD0CA4 /* Base */ = {isa = PBXFileReference; lastKnownFileType = file.storyboard; name = Base; path = Base.lproj/LaunchScreen.storyboard; sourceTree = "<group>"; };
		128548F020158D9400FD0CA4 /* Info.plist */ = {isa = PBXFileReference; lastKnownFileType = text.plist.xml; path = Info.plist; sourceTree = "<group>"; };
		128548F120158D9400FD0CA4 /* main.m */ = {isa = PBXFileReference; lastKnownFileType = sourcecode.c.objc; path = main.m; sourceTree = "<group>"; };
		128548F720158D9400FD0CA4 /* TestAESEncryptTests.xctest */ = {isa = PBXFileReference; explicitFileType = wrapper.cfbundle; includeInIndex = 0; path = TestAESEncryptTests.xctest; sourceTree = BUILT_PRODUCTS_DIR; };
		128548FB20158D9400FD0CA4 /* TestAESEncryptTests.m */ = {isa = PBXFileReference; lastKnownFileType = sourcecode.c.objc; path = TestAESEncryptTests.m; sourceTree = "<group>"; };
		128548FD20158D9400FD0CA4 /* Info.plist */ = {isa = PBXFileReference; lastKnownFileType = text.plist.xml; path = Info.plist; sourceTree = "<group>"; };
		1285490220158D9400FD0CA4 /* TestAESEncryptUITests.xctest */ = {isa = PBXFileReference; explicitFileType = wrapper.cfbundle; includeInIndex = 0; path = TestAESEncryptUITests.xctest; sourceTree = BUILT_PRODUCTS_DIR; };
		1285490620158D9400FD0CA4 /* TestAESEncryptUITests.m */ = {isa = PBXFileReference; lastKnownFileType = sourcecode.c.objc; path = TestAESEncryptUITests.m; sourceTree = "<group>"; };
		1285490820158D9400FD0CA4 /* Info.plist */ = {isa = PBXFileReference; lastKnownFileType = text.plist.xml; path = Info.plist; sourceTree = "<group>"; };
		1285491420158EA500FD0CA4 /* libHTAESencrypt.xcodeproj */ = {isa = PBXFileReference; lastKnownFileType = "wrapper.pb-project"; name = libHTAESencrypt.xcodeproj; path = libHTAESencrypt/libHTAESencrypt.xcodeproj; sourceTree = "<group>"; };
		12854924201598DC00FD0CA4 /* CoreFoundation.framework */ = {isa = PBXFileReference; lastKnownFileType = wrapper.framework; name = CoreFoundation.framework; path = System/Library/Frameworks/CoreFoundation.framework; sourceTree = SDKROOT; };
		12854926201598EA00FD0CA4 /* Foundation.framework */ = {isa = PBXFileReference; lastKnownFileType = wrapper.framework; name = Foundation.framework; path = System/Library/Frameworks/Foundation.framework; sourceTree = SDKROOT; };
/* End PBXFileReference section */

/* Begin PBXFrameworksBuildPhase section */
		128548D920158D9400FD0CA4 /* Frameworks */ = {
			isa = PBXFrameworksBuildPhase;
			buildActionMask = 2147483647;
			files = (
				12854927201598EA00FD0CA4 /* Foundation.framework in Frameworks */,
				12854925201598DD00FD0CA4 /* CoreFoundation.framework in Frameworks */,
				1285491E20158F3600FD0CA4 /* liblibHTAESencrypt.a in Frameworks */,
			);
			runOnlyForDeploymentPostprocessing = 0;
		};
		128548F420158D9400FD0CA4 /* Frameworks */ = {
			isa = PBXFrameworksBuildPhase;
			buildActionMask = 2147483647;
			files = (
			);
			runOnlyForDeploymentPostprocessing = 0;
		};
		128548FF20158D9400FD0CA4 /* Frameworks */ = {
			isa = PBXFrameworksBuildPhase;
			buildActionMask = 2147483647;
			files = (
			);
			runOnlyForDeploymentPostprocessing = 0;
		};
/* End PBXFrameworksBuildPhase section */

/* Begin PBXGroup section */
		128548D320158D9300FD0CA4 = {
			isa = PBXGroup;
			children = (
				1285491420158EA500FD0CA4 /* libHTAESencrypt.xcodeproj */,
				128548DE20158D9400FD0CA4 /* TestAESEncrypt */,
				128548FA20158D9400FD0CA4 /* TestAESEncryptTests */,
				1285490520158D9400FD0CA4 /* TestAESEncryptUITests */,
				128548DD20158D9400FD0CA4 /* Products */,
				1285491D20158F3600FD0CA4 /* Frameworks */,
			);
			sourceTree = "<group>";
		};
		128548DD20158D9400FD0CA4 /* Products */ = {
			isa = PBXGroup;
			children = (
				128548DC20158D9400FD0CA4 /* TestAESEncrypt.app */,
				128548F720158D9400FD0CA4 /* TestAESEncryptTests.xctest */,
				1285490220158D9400FD0CA4 /* TestAESEncryptUITests.xctest */,
			);
			name = Products;
			sourceTree = "<group>";
		};
		128548DE20158D9400FD0CA4 /* TestAESEncrypt */ = {
			isa = PBXGroup;
			children = (
				128548DF20158D9400FD0CA4 /* AppDelegate.h */,
				128548E020158D9400FD0CA4 /* AppDelegate.m */,
				128548E220158D9400FD0CA4 /* ViewController.h */,
				128548E320158D9400FD0CA4 /* ViewController.m */,
				128548E520158D9400FD0CA4 /* Main.storyboard */,
				128548EB20158D9400FD0CA4 /* Assets.xcassets */,
				128548ED20158D9400FD0CA4 /* LaunchScreen.storyboard */,
				128548F020158D9400FD0CA4 /* Info.plist */,
				128548F120158D9400FD0CA4 /* main.m */,
				128548E820158D9400FD0CA4 /* TestAESEncrypt.xcdatamodeld */,
			);
			path = TestAESEncrypt;
			sourceTree = "<group>";
		};
		128548FA20158D9400FD0CA4 /* TestAESEncryptTests */ = {
			isa = PBXGroup;
			children = (
				128548FB20158D9400FD0CA4 /* TestAESEncryptTests.m */,
				128548FD20158D9400FD0CA4 /* Info.plist */,
			);
			path = TestAESEncryptTests;
			sourceTree = "<group>";
		};
		1285490520158D9400FD0CA4 /* TestAESEncryptUITests */ = {
			isa = PBXGroup;
			children = (
				1285490620158D9400FD0CA4 /* TestAESEncryptUITests.m */,
				1285490820158D9400FD0CA4 /* Info.plist */,
			);
			path = TestAESEncryptUITests;
			sourceTree = "<group>";
		};
		1285491520158EA500FD0CA4 /* Products */ = {
			isa = PBXGroup;
			children = (
				1285491A20158EA500FD0CA4 /* liblibHTAESencrypt.a */,
			);
			name = Products;
			sourceTree = "<group>";
		};
		1285491D20158F3600FD0CA4 /* Frameworks */ = {
			isa = PBXGroup;
			children = (
				12854926201598EA00FD0CA4 /* Foundation.framework */,
				12854924201598DC00FD0CA4 /* CoreFoundation.framework */,
			);
			name = Frameworks;
			sourceTree = "<group>";
		};
/* End PBXGroup section */

/* Begin PBXNativeTarget section */
		128548DB20158D9400FD0CA4 /* TestAESEncrypt */ = {
			isa = PBXNativeTarget;
			buildConfigurationList = 1285490B20158D9400FD0CA4 /* Build configuration list for PBXNativeTarget "TestAESEncrypt" */;
			buildPhases = (
				128548D820158D9400FD0CA4 /* Sources */,
				128548D920158D9400FD0CA4 /* Frameworks */,
				128548DA20158D9400FD0CA4 /* Resources */,
			);
			buildRules = (
			);
			dependencies = (
				1285491C20158F0B00FD0CA4 /* PBXTargetDependency */,
			);
			name = TestAESEncrypt;
			productName = TestAESEncrypt;
			productReference = 128548DC20158D9400FD0CA4 /* TestAESEncrypt.app */;
			productType = "com.apple.product-type.application";
		};
		128548F620158D9400FD0CA4 /* TestAESEncryptTests */ = {
			isa = PBXNativeTarget;
			buildConfigurationList = 1285490E20158D9400FD0CA4 /* Build configuration list for PBXNativeTarget "TestAESEncryptTests" */;
			buildPhases = (
				128548F320158D9400FD0CA4 /* Sources */,
				128548F420158D9400FD0CA4 /* Frameworks */,
				128548F520158D9400FD0CA4 /* Resources */,
			);
			buildRules = (
			);
			dependencies = (
				128548F920158D9400FD0CA4 /* PBXTargetDependency */,
			);
			name = TestAESEncryptTests;
			productName = TestAESEncryptTests;
			productReference = 128548F720158D9400FD0CA4 /* TestAESEncryptTests.xctest */;
			productType = "com.apple.product-type.bundle.unit-test";
		};
		1285490120158D9400FD0CA4 /* TestAESEncryptUITests */ = {
			isa = PBXNativeTarget;
			buildConfigurationList = 1285491120158D9400FD0CA4 /* Build configuration list for PBXNativeTarget "TestAESEncryptUITests" */;
			buildPhases = (
				128548FE20158D9400FD0CA4 /* Sources */,
				128548FF20158D9400FD0CA4 /* Frameworks */,
				1285490020158D9400FD0CA4 /* Resources */,
			);
			buildRules = (
			);
			dependencies = (
				1285490420158D9400FD0CA4 /* PBXTargetDependency */,
			);
			name = TestAESEncryptUITests;
			productName = TestAESEncryptUITests;
			productReference = 1285490220158D9400FD0CA4 /* TestAESEncryptUITests.xctest */;
			productType = "com.apple.product-type.bundle.ui-testing";
		};
/* End PBXNativeTarget section */

/* Begin PBXProject section */
		128548D420158D9300FD0CA4 /* Project object */ = {
			isa = PBXProject;
			attributes = {
				LastUpgradeCheck = 0920;
				ORGANIZATIONNAME = Hutong;
				TargetAttributes = {
					128548DB20158D9400FD0CA4 = {
						CreatedOnToolsVersion = 9.2;
						ProvisioningStyle = Automatic;
					};
					128548F620158D9400FD0CA4 = {
						CreatedOnToolsVersion = 9.2;
						ProvisioningStyle = Automatic;
						TestTargetID = 128548DB20158D9400FD0CA4;
					};
					1285490120158D9400FD0CA4 = {
						CreatedOnToolsVersion = 9.2;
						ProvisioningStyle = Automatic;
						TestTargetID = 128548DB20158D9400FD0CA4;
					};
				};
			};
			buildConfigurationList = 128548D720158D9300FD0CA4 /* Build configuration list for PBXProject "TestAESEncrypt" */;
			compatibilityVersion = "Xcode 8.0";
			developmentRegion = en;
			hasScannedForEncodings = 0;
			knownRegions = (
				en,
				Base,
			);
			mainGroup = 128548D320158D9300FD0CA4;
			productRefGroup = 128548DD20158D9400FD0CA4 /* Products */;
			projectDirPath = "";
			projectReferences = (
				{
					ProductGroup = 1285491520158EA500FD0CA4 /* Products */;
					ProjectRef = 1285491420158EA500FD0CA4 /* libHTAESencrypt.xcodeproj */;
				},
			);
			projectRoot = "";
			targets = (
				128548DB20158D9400FD0CA4 /* TestAESEncrypt */,
				128548F620158D9400FD0CA4 /* TestAESEncryptTests */,
				1285490120158D9400FD0CA4 /* TestAESEncryptUITests */,
			);
		};
/* End PBXProject section */

/* Begin PBXReferenceProxy section */
		1285491A20158EA500FD0CA4 /* liblibHTAESencrypt.a */ = {
			isa = PBXReferenceProxy;
			fileType = archive.ar;
			path = liblibHTAESencrypt.a;
			remoteRef = 1285491920158EA500FD0CA4 /* PBXContainerItemProxy */;
			sourceTree = BUILT_PRODUCTS_DIR;
		};
/* End PBXReferenceProxy section */

/* Begin PBXResourcesBuildPhase section */
		128548DA20158D9400FD0CA4 /* Resources */ = {
			isa = PBXResourcesBuildPhase;
			buildActionMask = 2147483647;
			files = (
				128548EF20158D9400FD0CA4 /* LaunchScreen.storyboard in Resources */,
				128548EC20158D9400FD0CA4 /* Assets.xcassets in Resources */,
				128548E720158D9400FD0CA4 /* Main.storyboard in Resources */,
			);
			runOnlyForDeploymentPostprocessing = 0;
		};
		128548F520158D9400FD0CA4 /* Resources */ = {
			isa = PBXResourcesBuildPhase;
			buildActionMask = 2147483647;
			files = (
			);
			runOnlyForDeploymentPostprocessing = 0;
		};
		1285490020158D9400FD0CA4 /* Resources */ = {
			isa = PBXResourcesBuildPhase;
			buildActionMask = 2147483647;
			files = (
			);
			runOnlyForDeploymentPostprocessing = 0;
		};
/* End PBXResourcesBuildPhase section */

/* Begin PBXSourcesBuildPhase section */
		128548D820158D9400FD0CA4 /* Sources */ = {
			isa = PBXSourcesBuildPhase;
			buildActionMask = 2147483647;
			files = (
				128548E420158D9400FD0CA4 /* ViewController.m in Sources */,
				128548EA20158D9400FD0CA4 /* TestAESEncrypt.xcdatamodeld in Sources */,
				128548F220158D9400FD0CA4 /* main.m in Sources */,
				128548E120158D9400FD0CA4 /* AppDelegate.m in Sources */,
			);
			runOnlyForDeploymentPostprocessing = 0;
		};
		128548F320158D9400FD0CA4 /* Sources */ = {
			isa = PBXSourcesBuildPhase;
			buildActionMask = 2147483647;
			files = (
				128548FC20158D9400FD0CA4 /* TestAESEncryptTests.m in Sources */,
			);
			runOnlyForDeploymentPostprocessing = 0;
		};
		128548FE20158D9400FD0CA4 /* Sources */ = {
			isa = PBXSourcesBuildPhase;
			buildActionMask = 2147483647;
			files = (
				1285490720158D9400FD0CA4 /* TestAESEncryptUITests.m in Sources */,
			);
			runOnlyForDeploymentPostprocessing = 0;
		};
/* End PBXSourcesBuildPhase section */

/* Begin PBXTargetDependency section */
		128548F920158D9400FD0CA4 /* PBXTargetDependency */ = {
			isa = PBXTargetDependency;
			target = 128548DB20158D9400FD0CA4 /* TestAESEncrypt */;
			targetProxy = 128548F820158D9400FD0CA4 /* PBXContainerItemProxy */;
		};
		1285490420158D9400FD0CA4 /* PBXTargetDependency */ = {
			isa = PBXTargetDependency;
			target = 128548DB20158D9400FD0CA4 /* TestAESEncrypt */;
			targetProxy = 1285490320158D9400FD0CA4 /* PBXContainerItemProxy */;
		};
		1285491C20158F0B00FD0CA4 /* PBXTargetDependency */ = {
			isa = PBXTargetDependency;
			name = libHTAESencrypt;
			targetProxy = 1285491B20158F0B00FD0CA4 /* PBXContainerItemProxy */;
		};
/* End PBXTargetDependency section */

/* Begin PBXVariantGroup section */
		128548E520158D9400FD0CA4 /* Main.storyboard */ = {
			isa = PBXVariantGroup;
			children = (
				128548E620158D9400FD0CA4 /* Base */,
			);
			name = Main.storyboard;
			sourceTree = "<group>";
		};
		128548ED20158D9400FD0CA4 /* LaunchScreen.storyboard */ = {
			isa = PBXVariantGroup;
			children = (
				128548EE20158D9400FD0CA4 /* Base */,
			);
			name = LaunchScreen.storyboard;
			sourceTree = "<group>";
		};
/* End PBXVariantGroup section */

/* Begin XCBuildConfiguration section */
		1285490920158D9400FD0CA4 /* Debug */ = {
			isa = XCBuildConfiguration;
			buildSettings = {
				ALWAYS_SEARCH_USER_PATHS = NO;
				CLANG_ANALYZER_NONNULL = YES;
				CLANG_ANALYZER_NUMBER_OBJECT_CONVERSION = YES_AGGRESSIVE;
				CLANG_CXX_LANGUAGE_STANDARD = "gnu++14";
				CLANG_CXX_LIBRARY = "libc++";
				CLANG_ENABLE_MODULES = YES;
				CLANG_ENABLE_OBJC_ARC = YES;
				CLANG_WARN_BLOCK_CAPTURE_AUTORELEASING = YES;
				CLANG_WARN_BOOL_CONVERSION = YES;
				CLANG_WARN_COMMA = YES;
				CLANG_WARN_CONSTANT_CONVERSION = YES;
				CLANG_WARN_DIRECT_OBJC_ISA_USAGE = YES_ERROR;
				CLANG_WARN_DOCUMENTATION_COMMENTS = YES;
				CLANG_WARN_EMPTY_BODY = YES;
				CLANG_WARN_ENUM_CONVERSION = YES;
				CLANG_WARN_INFINITE_RECURSION = YES;
				CLANG_WARN_INT_CONVERSION = YES;
				CLANG_WARN_NON_LITERAL_NULL_CONVERSION = YES;
				CLANG_WARN_OBJC_LITERAL_CONVERSION = YES;
				CLANG_WARN_OBJC_ROOT_CLASS = YES_ERROR;
				CLANG_WARN_RANGE_LOOP_ANALYSIS = YES;
				CLANG_WARN_STRICT_PROTOTYPES = YES;
				CLANG_WARN_SUSPICIOUS_MOVE = YES;
				CLANG_WARN_UNGUARDED_AVAILABILITY = YES_AGGRESSIVE;
				CLANG_WARN_UNREACHABLE_CODE = YES;
				CLANG_WARN__DUPLICATE_METHOD_MATCH = YES;
				CODE_SIGN_IDENTITY = "iPhone Developer";
				COPY_PHASE_STRIP = NO;
				DEBUG_INFORMATION_FORMAT = dwarf;
				ENABLE_STRICT_OBJC_MSGSEND = YES;
				ENABLE_TESTABILITY = YES;
				GCC_C_LANGUAGE_STANDARD = gnu11;
				GCC_DYNAMIC_NO_PIC = NO;
				GCC_NO_COMMON_BLOCKS = YES;
				GCC_OPTIMIZATION_LEVEL = 0;
				GCC_PREPROCESSOR_DEFINITIONS = (
					"DEBUG=1",
					"$(inherited)",
				);
				GCC_WARN_64_TO_32_BIT_CONVERSION = YES;
				GCC_WARN_ABOUT_RETURN_TYPE = YES_ERROR;
				GCC_WARN_UNDECLARED_SELECTOR = YES;
				GCC_WARN_UNINITIALIZED_AUTOS = YES_AGGRESSIVE;
				GCC_WARN_UNUSED_FUNCTION = YES;
				GCC_WARN_UNUSED_VARIABLE = YES;
				IPHONEOS_DEPLOYMENT_TARGET = 11.2;
				MTL_ENABLE_DEBUG_INFO = YES;
				ONLY_ACTIVE_ARCH = YES;
				SDKROOT = iphoneos;
				USER_HEADER_SEARCH_PATHS = "$(SOURCE_ROOT)/include/**";
			};
			name = Debug;
		};
		1285490A20158D9400FD0CA4 /* Release */ = {
			isa = XCBuildConfiguration;
			buildSettings = {
				ALWAYS_SEARCH_USER_PATHS = NO;
				CLANG_ANALYZER_NONNULL = YES;
				CLANG_ANALYZER_NUMBER_OBJECT_CONVERSION = YES_AGGRESSIVE;
				CLANG_CXX_LANGUAGE_STANDARD = "gnu++14";
				CLANG_CXX_LIBRARY = "libc++";
				CLANG_ENABLE_MODULES = YES;
				CLANG_ENABLE_OBJC_ARC = YES;
				CLANG_WARN_BLOCK_CAPTURE_AUTORELEASING = YES;
				CLANG_WARN_BOOL_CONVERSION = YES;
				CLANG_WARN_COMMA = YES;
				CLANG_WARN_CONSTANT_CONVERSION = YES;
				CLANG_WARN_DIRECT_OBJC_ISA_USAGE = YES_ERROR;
				CLANG_WARN_DOCUMENTATION_COMMENTS = YES;
				CLANG_WARN_EMPTY_BODY = YES;
				CLANG_WARN_ENUM_CONVERSION = YES;
				CLANG_WARN_INFINITE_RECURSION = YES;
				CLANG_WARN_INT_CONVERSION = YES;
				CLANG_WARN_NON_LITERAL_NULL_CONVERSION = YES;
				CLANG_WARN_OBJC_LITERAL_CONVERSION = YES;
				CLANG_WARN_OBJC_ROOT_CLASS = YES_ERROR;
				CLANG_WARN_RANGE_LOOP_ANALYSIS = YES;
				CLANG_WARN_STRICT_PROTOTYPES = YES;
				CLANG_WARN_SUSPICIOUS_MOVE = YES;
				CLANG_WARN_UNGUARDED_AVAILABILITY = YES_AGGRESSIVE;
				CLANG_WARN_UNREACHABLE_CODE = YES;
				CLANG_WARN__DUPLICATE_METHOD_MATCH = YES;
				CODE_SIGN_IDENTITY = "iPhone Developer";
				COPY_PHASE_STRIP = NO;
				DEBUG_INFORMATION_FORMAT = "dwarf-with-dsym";
				ENABLE_NS_ASSERTIONS = NO;
				ENABLE_STRICT_OBJC_MSGSEND = YES;
				GCC_C_LANGUAGE_STANDARD = gnu11;
				GCC_NO_COMMON_BLOCKS = YES;
				GCC_WARN_64_TO_32_BIT_CONVERSION = YES;
				GCC_WARN_ABOUT_RETURN_TYPE = YES_ERROR;
				GCC_WARN_UNDECLARED_SELECTOR = YES;
				GCC_WARN_UNINITIALIZED_AUTOS = YES_AGGRESSIVE;
				GCC_WARN_UNUSED_FUNCTION = YES;
				GCC_WARN_UNUSED_VARIABLE = YES;
				IPHONEOS_DEPLOYMENT_TARGET = 11.2;
				MTL_ENABLE_DEBUG_INFO = NO;
				SDKROOT = iphoneos;
				USER_HEADER_SEARCH_PATHS = "$(SOURCE_ROOT)/include/**";
				VALIDATE_PRODUCT = YES;
			};
			name = Release;
		};
		1285490C20158D9400FD0CA4 /* Debug */ = {
			isa = XCBuildConfiguration;
			buildSettings = {
				ASSETCATALOG_COMPILER_APPICON_NAME = AppIcon;
				CODE_SIGN_STYLE = Automatic;
				DEVELOPMENT_TEAM = 339UKLN78L;
				INFOPLIST_FILE = TestAESEncrypt/Info.plist;
				LD_RUNPATH_SEARCH_PATHS = "$(inherited) @executable_path/Frameworks";
				OTHER_LDFLAGS = "-ObjC";
				PRODUCT_BUNDLE_IDENTIFIER = HT.TestAESEncrypt;
				PRODUCT_NAME = "$(TARGET_NAME)";
				TARGETED_DEVICE_FAMILY = "1,2";
				USER_HEADER_SEARCH_PATHS = "$(SOURCE_ROOT)/include/** $(CONFIGURATION_BUILD_DIR)/**";
			};
			name = Debug;
		};
		1285490D20158D9400FD0CA4 /* Release */ = {
			isa = XCBuildConfiguration;
			buildSettings = {
				ASSETCATALOG_COMPILER_APPICON_NAME = AppIcon;
				CODE_SIGN_STYLE = Automatic;
				DEVELOPMENT_TEAM = 339UKLN78L;
				INFOPLIST_FILE = TestAESEncrypt/Info.plist;
				LD_RUNPATH_SEARCH_PATHS = "$(inherited) @executable_path/Frameworks";
				OTHER_LDFLAGS = "-ObjC";
				PRODUCT_BUNDLE_IDENTIFIER = HT.TestAESEncrypt;
				PRODUCT_NAME = "$(TARGET_NAME)";
				TARGETED_DEVICE_FAMILY = "1,2";
				USER_HEADER_SEARCH_PATHS = "$(SOURCE_ROOT)/include/** $(CONFIGURATION_BUILD_DIR)/**";
			};
			name = Release;
		};
		1285490F20158D9400FD0CA4 /* Debug */ = {
			isa = XCBuildConfiguration;
			buildSettings = {
				BUNDLE_LOADER = "$(TEST_HOST)";
				CODE_SIGN_STYLE = Automatic;
				DEVELOPMENT_TEAM = 339UKLN78L;
				INFOPLIST_FILE = TestAESEncryptTests/Info.plist;
				LD_RUNPATH_SEARCH_PATHS = "$(inherited) @executable_path/Frameworks @loader_path/Frameworks";
				PRODUCT_BUNDLE_IDENTIFIER = HT.TestAESEncryptTests;
				PRODUCT_NAME = "$(TARGET_NAME)";
				TARGETED_DEVICE_FAMILY = "1,2";
				TEST_HOST = "$(BUILT_PRODUCTS_DIR)/TestAESEncrypt.app/TestAESEncrypt";
			};
			name = Debug;
		};
		1285491020158D9400FD0CA4 /* Release */ = {
			isa = XCBuildConfiguration;
			buildSettings = {
				BUNDLE_LOADER = "$(TEST_HOST)";
				CODE_SIGN_STYLE = Automatic;
				DEVELOPMENT_TEAM = 339UKLN78L;
				INFOPLIST_FILE = TestAESEncryptTests/Info.plist;
				LD_RUNPATH_SEARCH_PATHS = "$(inherited) @executable_path/Frameworks @loader_path/Frameworks";
				PRODUCT_BUNDLE_IDENTIFIER = HT.TestAESEncryptTests;
				PRODUCT_NAME = "$(TARGET_NAME)";
				TARGETED_DEVICE_FAMILY = "1,2";
				TEST_HOST = "$(BUILT_PRODUCTS_DIR)/TestAESEncrypt.app/TestAESEncrypt";
			};
			name = Release;
		};
		1285491220158D9400FD0CA4 /* Debug */ = {
			isa = XCBuildConfiguration;
			buildSettings = {
				CODE_SIGN_STYLE = Automatic;
				DEVELOPMENT_TEAM = 339UKLN78L;
				INFOPLIST_FILE = TestAESEncryptUITests/Info.plist;
				LD_RUNPATH_SEARCH_PATHS = "$(inherited) @executable_path/Frameworks @loader_path/Frameworks";
				PRODUCT_BUNDLE_IDENTIFIER = HT.TestAESEncryptUITests;
				PRODUCT_NAME = "$(TARGET_NAME)";
				TARGETED_DEVICE_FAMILY = "1,2";
				TEST_TARGET_NAME = TestAESEncrypt;
			};
			name = Debug;
		};
		1285491320158D9400FD0CA4 /* Release */ = {
			isa = XCBuildConfiguration;
			buildSettings = {
				CODE_SIGN_STYLE = Automatic;
				DEVELOPMENT_TEAM = 339UKLN78L;
				INFOPLIST_FILE = TestAESEncryptUITests/Info.plist;
				LD_RUNPATH_SEARCH_PATHS = "$(inherited) @executable_path/Frameworks @loader_path/Frameworks";
				PRODUCT_BUNDLE_IDENTIFIER = HT.TestAESEncryptUITests;
				PRODUCT_NAME = "$(TARGET_NAME)";
				TARGETED_DEVICE_FAMILY = "1,2";
				TEST_TARGET_NAME = TestAESEncrypt;
			};
			name = Release;
		};
/* End XCBuildConfiguration section */

/* Begin XCConfigurationList section */
		128548D720158D9300FD0CA4 /* Build configuration list for PBXProject "TestAESEncrypt" */ = {
			isa = XCConfigurationList;
			buildConfigurations = (
				1285490920158D9400FD0CA4 /* Debug */,
				1285490A20158D9400FD0CA4 /* Release */,
			);
			defaultConfigurationIsVisible = 0;
			defaultConfigurationName = Release;
		};
		1285490B20158D9400FD0CA4 /* Build configuration list for PBXNativeTarget "TestAESEncrypt" */ = {
			isa = XCConfigurationList;
			buildConfigurations = (
				1285490C20158D9400FD0CA4 /* Debug */,
				1285490D20158D9400FD0CA4 /* Release */,
			);
			defaultConfigurationIsVisible = 0;
			defaultConfigurationName = Release;
		};
		1285490E20158D9400FD0CA4 /* Build configuration list for PBXNativeTarget "TestAESEncryptTests" */ = {
			isa = XCConfigurationList;
			buildConfigurations = (
				1285490F20158D9400FD0CA4 /* Debug */,
				1285491020158D9400FD0CA4 /* Release */,
			);
			defaultConfigurationIsVisible = 0;
			defaultConfigurationName = Release;
		};
		1285491120158D9400FD0CA4 /* Build configuration list for PBXNativeTarget "TestAESEncryptUITests" */ = {
			isa = XCConfigurationList;
			buildConfigurations = (
				1285491220158D9400FD0CA4 /* Debug */,
				1285491320158D9400FD0CA4 /* Release */,
			);
			defaultConfigurationIsVisible = 0;
			defaultConfigurationName = Release;
		};
/* End XCConfigurationList section */

/* Begin XCVersionGroup section */
		128548E820158D9400FD0CA4 /* TestAESEncrypt.xcdatamodeld */ = {
			isa = XCVersionGroup;
			children = (
				128548E920158D9400FD0CA4 /* TestAESEncrypt.xcdatamodel */,
			);
			currentVersion = 128548E920158D9400FD0CA4 /* TestAESEncrypt.xcdatamodel */;
			path = TestAESEncrypt.xcdatamodeld;
			sourceTree = "<group>";
			versionGroupType = wrapper.xcdatamodel;
		};
/* End XCVersionGroup section */
	};
	rootObject = 128548D420158D9300FD0CA4 /* Project object */;
}
